# This file is automatically @generated by Cargo.
# It is not intended for manual editing.
version = 3

[[package]]
name = "bwrap"
version = "0.1.0-beta6"
source = "registry+https://github.com/rust-lang/crates.io-index"
checksum = "c51f651b99bb3c35ac9201c0e1a8667422c20f8a901f241e22d5ea4b8ae60819"
dependencies = [
 "unicode-width",
]

[[package]]
name = "unicode-width"
version = "0.1.10"
source = "registry+https://github.com/rust-lang/crates.io-index"
checksum = "c0edd1e5b14653f783770bce4a4dabb4a5108a5370a5f5d8cfe8710c361f6c8b"

[[package]]
name = "use_bwrap_easy"
version = "0.1.0"
dependencies = [
 "bwrap",
]
